
Microsoft Visual Studio Solution File, Format Version 12.00
# Visual Studio 2012
Project("{FAE04EC0-301F-11D3-BF4B-00C04F79EFBC}") = "MastetingXamlExamples", "MastetingXamlExamples\MastetingXamlExamples.csproj", "{10285EEA-2E59-4C3B-81BD-02034E9D611F}"
EndProject
Project("{FAE04EC0-301F-11D3-BF4B-00C04F79EFBC}") = "MastetingXamlExamples.iOS", "iOS\MastetingXamlExamples.iOS.csproj", "{7B3FD8B8-81CF-45E3-B4F0-CE12D4B9453B}"
EndProject
Project("{FAE04EC0-301F-11D3-BF4B-00C04F79EFBC}") = "MastetingXamlExamples.Droid", "Droid\MastetingXamlExamples.Droid.csproj", "{19140413-99F3-45B7-B879-FB8448B12A94}"
EndProject
Global
	GlobalSection(SolutionConfigurationPlatforms) = preSolution
		Debug|Any CPU = Debug|Any CPU
		Release|Any CPU = Release|Any CPU
		Debug|iPhoneSimulator = Debug|iPhoneSimulator
		Release|iPhone = Release|iPhone
		Release|iPhoneSimulator = Release|iPhoneSimulator
		Debug|iPhone = Debug|iPhone
	EndGlobalSection
	GlobalSection(ProjectConfigurationPlatforms) = postSolution
		{10285EEA-2E59-4C3B-81BD-02034E9D611F}.Debug|Any CPU.ActiveCfg = Debug|Any CPU
		{10285EEA-2E59-4C3B-81BD-02034E9D611F}.Debug|Any CPU.Build.0 = Debug|Any CPU
		{10285EEA-2E59-4C3B-81BD-02034E9D611F}.Release|Any CPU.ActiveCfg = Release|Any CPU
		{10285EEA-2E59-4C3B-81BD-02034E9D611F}.Release|Any CPU.Build.0 = Release|Any CPU
		{10285EEA-2E59-4C3B-81BD-02034E9D611F}.Debug|iPhoneSimulator.ActiveCfg = Debug|Any CPU
		{10285EEA-2E59-4C3B-81BD-02034E9D611F}.Debug|iPhoneSimulator.Build.0 = Debug|Any CPU
		{10285EEA-2E59-4C3B-81BD-02034E9D611F}.Release|iPhone.ActiveCfg = Release|Any CPU
		{10285EEA-2E59-4C3B-81BD-02034E9D611F}.Release|iPhone.Build.0 = Release|Any CPU
		{10285EEA-2E59-4C3B-81BD-02034E9D611F}.Release|iPhoneSimulator.ActiveCfg = Release|Any CPU
		{10285EEA-2E59-4C3B-81BD-02034E9D611F}.Release|iPhoneSimulator.Build.0 = Release|Any CPU
		{10285EEA-2E59-4C3B-81BD-02034E9D611F}.Debug|iPhone.ActiveCfg = Debug|Any CPU
		{10285EEA-2E59-4C3B-81BD-02034E9D611F}.Debug|iPhone.Build.0 = Debug|Any CPU
		{7B3FD8B8-81CF-45E3-B4F0-CE12D4B9453B}.Debug|Any CPU.ActiveCfg = Debug|iPhoneSimulator
		{7B3FD8B8-81CF-45E3-B4F0-CE12D4B9453B}.Debug|Any CPU.Build.0 = Debug|iPhoneSimulator
		{7B3FD8B8-81CF-45E3-B4F0-CE12D4B9453B}.Release|Any CPU.ActiveCfg = Debug|iPhoneSimulator
		{7B3FD8B8-81CF-45E3-B4F0-CE12D4B9453B}.Release|Any CPU.Build.0 = Debug|iPhoneSimulator
		{7B3FD8B8-81CF-45E3-B4F0-CE12D4B9453B}.Debug|iPhoneSimulator.ActiveCfg = Debug|iPhoneSimulator
		{7B3FD8B8-81CF-45E3-B4F0-CE12D4B9453B}.Debug|iPhoneSimulator.Build.0 = Debug|iPhoneSimulator
		{7B3FD8B8-81CF-45E3-B4F0-CE12D4B9453B}.Release|iPhone.ActiveCfg = Release|iPhone
		{7B3FD8B8-81CF-45E3-B4F0-CE12D4B9453B}.Release|iPhone.Build.0 = Release|iPhone
		{7B3FD8B8-81CF-45E3-B4F0-CE12D4B9453B}.Release|iPhoneSimulator.ActiveCfg = Release|iPhoneSimulator
		{7B3FD8B8-81CF-45E3-B4F0-CE12D4B9453B}.Release|iPhoneSimulator.Build.0 = Release|iPhoneSimulator
		{7B3FD8B8-81CF-45E3-B4F0-CE12D4B9453B}.Debug|iPhone.ActiveCfg = Debug|iPhone
		{7B3FD8B8-81CF-45E3-B4F0-CE12D4B9453B}.Debug|iPhone.Build.0 = Debug|iPhone
		{19140413-99F3-45B7-B879-FB8448B12A94}.Debug|Any CPU.ActiveCfg = Debug|Any CPU
		{19140413-99F3-45B7-B879-FB8448B12A94}.Debug|Any CPU.Build.0 = Debug|Any CPU
		{19140413-99F3-45B7-B879-FB8448B12A94}.Release|Any CPU.ActiveCfg = Release|Any CPU
		{19140413-99F3-45B7-B879-FB8448B12A94}.Release|Any CPU.Build.0 = Release|Any CPU
		{19140413-99F3-45B7-B879-FB8448B12A94}.Debug|iPhoneSimulator.ActiveCfg = Debug|Any CPU
		{19140413-99F3-45B7-B879-FB8448B12A94}.Debug|iPhoneSimulator.Build.0 = Debug|Any CPU
		{19140413-99F3-45B7-B879-FB8448B12A94}.Release|iPhone.ActiveCfg = Release|Any CPU
		{19140413-99F3-45B7-B879-FB8448B12A94}.Release|iPhone.Build.0 = Release|Any CPU
		{19140413-99F3-45B7-B879-FB8448B12A94}.Release|iPhoneSimulator.ActiveCfg = Release|Any CPU
		{19140413-99F3-45B7-B879-FB8448B12A94}.Release|iPhoneSimulator.Build.0 = Release|Any CPU
		{19140413-99F3-45B7-B879-FB8448B12A94}.Debug|iPhone.ActiveCfg = Debug|Any CPU
		{19140413-99F3-45B7-B879-FB8448B12A94}.Debug|iPhone.Build.0 = Debug|Any CPU
	EndGlobalSection
	GlobalSection(MonoDevelopProperties) = preSolution
		Policies = $0
		$0.DotNetNamingPolicy = $1
		$1.DirectoryNamespaceAssociation = PrefixedHierarchical
		$1.ResourceNamePolicy = FileFormatDefault
		$0.TextStylePolicy = $2
		$2.inheritsSet = null
		$2.scope = application/android+xml
		$0.XmlFormattingPolicy = $3
		$3.inheritsSet = null
		$3.scope = application/android+xml
		$3.inheritsScope = application/xml
		$0.TextStylePolicy = $4
		$4.inheritsSet = null
		$4.scope = application/xml
		$0.XmlFormattingPolicy = $5
		$5.inheritsSet = Mono
		$5.inheritsScope = application/xml
		$5.scope = application/xml
		$0.TextStylePolicy = $6
		$6.inheritsSet = null
		$6.scope = text/x-csharp
		$0.CSharpFormattingPolicy = $7
		$7.inheritsSet = Mono
		$7.inheritsScope = text/x-csharp
		$7.scope = text/x-csharp
		$0.TextStylePolicy = $8
		$8.inheritsSet = null
		$8.scope = application/config+xml
		$0.XmlFormattingPolicy = $9
		$9.inheritsSet = null
		$9.scope = application/config+xml
		$0.TextStylePolicy = $10
		$10.inheritsSet = null
		$10.scope = application/vnd.apple-xcode-storyboard
		$0.XmlFormattingPolicy = $11
		$11.inheritsSet = null
		$11.scope = application/vnd.apple-xcode-storyboard
		$0.TextStylePolicy = $12
		$12.inheritsSet = null
		$12.scope = application/android+xml
		$0.XmlFormattingPolicy = $13
		$13.inheritsSet = null
		$13.scope = application/android+xml
		$0.StandardHeader = $14
		$14.Text = 
		$14.IncludeInNewFiles = True
		$0.NameConventionPolicy = $15
		$15.Rules = $16
		$16.NamingRule = $17
		$17.Name = Type Parameters
		$17.AffectedEntity = TypeParameter
		$17.VisibilityMask = VisibilityMask
		$17.NamingStyle = PascalCase
		$17.IncludeInstanceMembers = True
		$17.IncludeStaticEntities = True
		$17.RequiredPrefixes = $39
		$39.String = T
		$17.RequiredSuffixes = $40
		$40.String = Exception
		$16.NamingRule = $18
		$18.Name = Types
		$18.AffectedEntity = Class, Struct, Enum, Delegate
		$18.VisibilityMask = Public
		$18.NamingStyle = PascalCase
		$18.IncludeInstanceMembers = True
		$18.IncludeStaticEntities = True
		$16.NamingRule = $19
		$19.Name = Interfaces
		$19.RequiredPrefixes = $20
		$20.String = I
		$19.AffectedEntity = Interface
		$19.VisibilityMask = Public
		$19.NamingStyle = PascalCase
		$19.IncludeInstanceMembers = True
		$19.IncludeStaticEntities = True
		$16.NamingRule = $21
		$21.Name = Attributes
		$21.RequiredSuffixes = $22
		$22.String = Attribute
		$21.AffectedEntity = CustomAttributes
		$21.VisibilityMask = Public
		$21.NamingStyle = PascalCase
		$21.IncludeInstanceMembers = True
		$21.IncludeStaticEntities = True
		$16.NamingRule = $23
		$23.Name = Event Arguments
		$23.RequiredSuffixes = $24
		$24.String = EventArgs
		$23.AffectedEntity = CustomEventArgs
		$23.VisibilityMask = Public
		$23.NamingStyle = PascalCase
		$23.IncludeInstanceMembers = True
		$23.IncludeStaticEntities = True
		$16.NamingRule = $25
		$25.Name = Exceptions
		$25.RequiredSuffixes = $26
		$26.String = Exception
		$25.AffectedEntity = CustomExceptions
		$25.VisibilityMask = VisibilityMask
		$25.NamingStyle = PascalCase
		$25.IncludeInstanceMembers = True
		$25.IncludeStaticEntities = True
		$16.NamingRule = $27
		$27.Name = Methods
		$27.AffectedEntity = Methods
		$27.VisibilityMask = Protected, Public
		$27.NamingStyle = PascalCase
		$27.IncludeInstanceMembers = True
		$27.IncludeStaticEntities = True
		$16.NamingRule = $28
		$28.Name = Static Readonly Fields
		$28.AffectedEntity = ReadonlyField
		$28.VisibilityMask = Protected, Public
		$28.NamingStyle = PascalCase
		$28.IncludeInstanceMembers = False
		$28.IncludeStaticEntities = True
		$16.NamingRule = $29
		$29.Name = Fields
		$29.AffectedEntity = Field
		$29.VisibilityMask = Protected, Public
		$29.NamingStyle = PascalCase
		$29.IncludeInstanceMembers = True
		$29.IncludeStaticEntities = True
		$16.NamingRule = $30
		$30.Name = ReadOnly Fields
		$30.AffectedEntity = ReadonlyField
		$30.VisibilityMask = Protected, Public
		$30.NamingStyle = PascalCase
		$30.IncludeInstanceMembers = True
		$30.IncludeStaticEntities = False
		$16.NamingRule = $31
		$31.Name = Constant Fields
		$31.AffectedEntity = ConstantField
		$31.VisibilityMask = Protected, Public
		$31.NamingStyle = PascalCase
		$31.IncludeInstanceMembers = True
		$31.IncludeStaticEntities = True
		$16.NamingRule = $32
		$32.Name = Properties
		$32.AffectedEntity = Property
		$32.VisibilityMask = Protected, Public
		$32.NamingStyle = PascalCase
		$32.IncludeInstanceMembers = True
		$32.IncludeStaticEntities = True
		$16.NamingRule = $33
		$33.Name = Events
		$33.AffectedEntity = Event
		$33.VisibilityMask = Protected, Public
		$33.NamingStyle = PascalCase
		$33.IncludeInstanceMembers = True
		$33.IncludeStaticEntities = True
		$16.NamingRule = $34
		$34.Name = Enum Members
		$34.AffectedEntity = EnumMember
		$34.VisibilityMask = VisibilityMask
		$34.NamingStyle = PascalCase
		$34.IncludeInstanceMembers = True
		$34.IncludeStaticEntities = True
		$16.NamingRule = $35
		$35.Name = Parameters
		$35.AffectedEntity = Parameter
		$35.VisibilityMask = VisibilityMask
		$35.NamingStyle = CamelCase
		$35.IncludeInstanceMembers = True
		$35.IncludeStaticEntities = True
		$16.NamingRule = $36
		$36.Name = Type Parameters
		$36.RequiredPrefixes = $37
		$37.String = T
		$36.AffectedEntity = TypeParameter
		$36.VisibilityMask = VisibilityMask
		$36.NamingStyle = PascalCase
		$36.IncludeInstanceMembers = True
		$36.IncludeStaticEntities = True
		$0.VersionControlPolicy = $38
		$38.inheritsSet = Mono
	EndGlobalSection
EndGlobal
